
Microsoft Visual Studio Solution File, Format Version 12.00
# Visual Studio 15
VisualStudioVersion = 15.0.27703.2000
MinimumVisualStudioVersion = 10.0.40219.1
Project("{FAE04EC0-301F-11D3-BF4B-00C04F79EFBC}") = "Sort the odd", "Sort the odd\Sort the odd.csproj", "{201DB95F-B157-42E3-A733-3D4EB9553650}"
EndProject
Global
	GlobalSection(SolutionConfigurationPlatforms) = preSolution
		Debug|Any CPU = Debug|Any CPU
		Release|Any CPU = Release|Any CPU
	EndGlobalSection
	GlobalSection(ProjectConfigurationPlatforms) = postSolution
		{201DB95F-B157-42E3-A733-3D4EB9553650}.Debug|Any CPU.ActiveCfg = Debug|Any CPU
		{201DB95F-B157-42E3-A733-3D4EB9553650}.Debug|Any CPU.Build.0 = Debug|Any CPU
		{201DB95F-B157-42E3-A733-3D4EB9553650}.Release|Any CPU.ActiveCfg = Release|Any CPU
		{201DB95F-B157-42E3-A733-3D4EB9553650}.Release|Any CPU.Build.0 = Release|Any CPU
	EndGlobalSection
	GlobalSection(SolutionProperties) = preSolution
		HideSolutionNode = FALSE
	EndGlobalSection
	GlobalSection(ExtensibilityGlobals) = postSolution
		SolutionGuid = {0E281B7A-23AE-4AA4-8A0B-B134A2A2133E}
	EndGlobalSection
EndGlobal
